prefixes:
  axp192: toit-axp192
  color_tft: toit-color-tft
  ft63xx: ft63xx-toit
  pixel_display: toit-pixel-display
packages:
  ft63xx-toit:
    url: github.com/imliubo/ft63xx-toit
    version: 1.0.1
    hash: 9dad831996a0ca70ae4398db384e5f26595b2c1a
  toit-axp192:
    url: github.com/toitware/toit-axp192
    version: 1.0.1
    hash: c43a495d9068a7eaf9a7664a2a451eadb2e91101
  toit-color-tft:
    url: github.com/toitware/toit-color-tft
    version: 1.2.0
    hash: d590954f30b62fa9a28839762dff087a6d19df7c
    prefixes:
      pixel_display: toit-pixel-display
  toit-pixel-display:
    url: github.com/toitware/toit-pixel-display
    version: 1.6.0
    hash: 39de82f680e27961e39ca24ba94520f21759370c
