prefixes:
  axp192: toit-axp192
  color_tft: toit-color-tft
  font_x11_adobe: pkg-font-x11-adobe
  m5stack_core2: ..
  pixel_display: toit-pixel-display
packages:
  ..:
    path: ..
    prefixes:
      axp192: toit-axp192
      color_tft: toit-color-tft
      ft63xx: ft63xx-toit
      pixel_display: toit-pixel-display
  ft63xx-toit:
    url: github.com/imliubo/ft63xx-toit
    name: ft63xx
    version: 1.0.1
    hash: 9dad831996a0ca70ae4398db384e5f26595b2c1a
  pkg-font-x11-adobe:
    url: github.com/toitlang/pkg-font-x11-adobe
    name: font_x11_adobe
    version: 0.1.0
    hash: f844400722165252148f087cdf189abab0a47f3d
  toit-axp192:
    url: github.com/toitware/toit-axp192
    name: axp192
    version: 1.0.1
    hash: c43a495d9068a7eaf9a7664a2a451eadb2e91101
  toit-color-tft:
    url: github.com/toitware/toit-color-tft
    name: color_tft
    version: 1.3.1
    hash: 7c86bfebd19fd30cf4a66b303e31a85d04497da4
    prefixes:
      pixel_display: toit-pixel-display
  toit-pixel-display:
    url: github.com/toitware/toit-pixel-display
    name: pixel_display
    version: 1.7.1
    hash: 09bc1b6cf0ae52385af5301a13935a06683a36cf
